Microsoft Visual Studio Solution File, Format Version 12.00
# Visual Studio Version 17
VisualStudioVersion = 17.5.2.0
MinimumVisualStudioVersion = 10.0.40219.1
Project("{FAE04EC0-301F-11D3-BF4B-00C04F79EFBC}") = "saga-senai-teste", "saga-senai-teste.csproj", "{6756BF75-679B-6A07-08A8-3867EF3816C2}"
EndProject
Global
	GlobalSection(SolutionConfigurationPlatforms) = preSolution
		Debug|Any CPU = Debug|Any CPU
		Release|Any CPU = Release|Any CPU
	EndGlobalSection
	GlobalSection(ProjectConfigurationPlatforms) = postSolution
		{6756BF75-679B-6A07-08A8-3867EF3816C2}.Debug|Any CPU.ActiveCfg = Debug|Any CPU
		{6756BF75-679B-6A07-08A8-3867EF3816C2}.Debug|Any CPU.Build.0 = Debug|Any CPU
		{6756BF75-679B-6A07-08A8-3867EF3816C2}.Release|Any CPU.ActiveCfg = Release|Any CPU
		{6756BF75-679B-6A07-08A8-3867EF3816C2}.Release|Any CPU.Build.0 = Release|Any CPU
	EndGlobalSection
	GlobalSection(SolutionProperties) = preSolution
		HideSolutionNode = FALSE
	EndGlobalSection
	GlobalSection(ExtensibilityGlobals) = postSolution
		SolutionGuid = {DD120BC8-41C8-4BE4-94FD-809A19FE24D6}
	EndGlobalSection
EndGlobal
